
Microsoft Visual Studio Solution File, Format Version 12.00
# Visual Studio 14
VisualStudioVersion = 14.0.25420.1
MinimumVisualStudioVersion = 10.0.40219.1
Project("{FAE04EC0-301F-11D3-BF4B-00C04F79EFBC}") = "Cats", "Cats\Cats\Cats.csproj", "{EB86E7C9-B6A2-428A-9917-41E9AF4F1A06}"
EndProject
Project("{FAE04EC0-301F-11D3-BF4B-00C04F79EFBC}") = "Cats.Droid", "Cats\Cats.Droid\Cats.Droid.csproj", "{ED74DAD4-8470-4ADE-9B21-6ABEC6959506}"
EndProject
Project("{FAE04EC0-301F-11D3-BF4B-00C04F79EFBC}") = "Cats.iOS", "Cats\Cats.iOS\Cats.iOS.csproj", "{0B9EB87C-9B50-44F3-9D7F-9FB7889A1218}"
EndProject
Project("{FAE04EC0-301F-11D3-BF4B-00C04F79EFBC}") = "Cats.WinPhone", "Cats\Cats.WinPhone\Cats.WinPhone.csproj", "{5713F172-0092-45DC-90EA-5159239FE754}"
EndProject
Project("{FAE04EC0-301F-11D3-BF4B-00C04F79EFBC}") = "Cats.Windows", "Cats\Cats.Windows\Cats.Windows.csproj", "{675765AF-AD9F-473E-9EBE-5B262A073E01}"
EndProject
Global
	GlobalSection(SolutionConfigurationPlatforms) = preSolution
		Ad-Hoc|Any CPU = Ad-Hoc|Any CPU
		Ad-Hoc|ARM = Ad-Hoc|ARM
		Ad-Hoc|iPhone = Ad-Hoc|iPhone
		Ad-Hoc|iPhoneSimulator = Ad-Hoc|iPhoneSimulator
		Ad-Hoc|x64 = Ad-Hoc|x64
		Ad-Hoc|x86 = Ad-Hoc|x86
		AppStore|Any CPU = AppStore|Any CPU
		AppStore|ARM = AppStore|ARM
		AppStore|iPhone = AppStore|iPhone
		AppStore|iPhoneSimulator = AppStore|iPhoneSimulator
		AppStore|x64 = AppStore|x64
		AppStore|x86 = AppStore|x86
		Debug|Any CPU = Debug|Any CPU
		Debug|ARM = Debug|ARM
		Debug|iPhone = Debug|iPhone
		Debug|iPhoneSimulator = Debug|iPhoneSimulator
		Debug|x64 = Debug|x64
		Debug|x86 = Debug|x86
		Release|Any CPU = Release|Any CPU
		Release|ARM = Release|ARM
		Release|iPhone = Release|iPhone
		Release|iPhoneSimulator = Release|iPhoneSimulator
		Release|x64 = Release|x64
		Release|x86 = Release|x86
	EndGlobalSection
	GlobalSection(ProjectConfigurationPlatforms) = postSolution
		{EB86E7C9-B6A2-428A-9917-41E9AF4F1A06}.Ad-Hoc|Any CPU.ActiveCfg = Release|Any CPU
		{EB86E7C9-B6A2-428A-9917-41E9AF4F1A06}.Ad-Hoc|Any CPU.Build.0 = Release|Any CPU
		{EB86E7C9-B6A2-428A-9917-41E9AF4F1A06}.Ad-Hoc|ARM.ActiveCfg = Release|Any CPU
		{EB86E7C9-B6A2-428A-9917-41E9AF4F1A06}.Ad-Hoc|ARM.Build.0 = Release|Any CPU
		{EB86E7C9-B6A2-428A-9917-41E9AF4F1A06}.Ad-Hoc|iPhone.ActiveCfg = Release|Any CPU
		{EB86E7C9-B6A2-428A-9917-41E9AF4F1A06}.Ad-Hoc|iPhone.Build.0 = Release|Any CPU
		{EB86E7C9-B6A2-428A-9917-41E9AF4F1A06}.Ad-Hoc|iPhoneSimulator.ActiveCfg = Release|Any CPU
		{EB86E7C9-B6A2-428A-9917-41E9AF4F1A06}.Ad-Hoc|iPhoneSimulator.Build.0 = Release|Any CPU
		{EB86E7C9-B6A2-428A-9917-41E9AF4F1A06}.Ad-Hoc|x64.ActiveCfg = Release|Any CPU
		{EB86E7C9-B6A2-428A-9917-41E9AF4F1A06}.Ad-Hoc|x64.Build.0 = Release|Any CPU
		{EB86E7C9-B6A2-428A-9917-41E9AF4F1A06}.Ad-Hoc|x86.ActiveCfg = Release|Any CPU
		{EB86E7C9-B6A2-428A-9917-41E9AF4F1A06}.Ad-Hoc|x86.Build.0 = Release|Any CPU
		{EB86E7C9-B6A2-428A-9917-41E9AF4F1A06}.AppStore|Any CPU.ActiveCfg = Release|Any CPU
		{EB86E7C9-B6A2-428A-9917-41E9AF4F1A06}.AppStore|Any CPU.Build.0 = Release|Any CPU
		{EB86E7C9-B6A2-428A-9917-41E9AF4F1A06}.AppStore|ARM.ActiveCfg = Release|Any CPU
		{EB86E7C9-B6A2-428A-9917-41E9AF4F1A06}.AppStore|ARM.Build.0 = Release|Any CPU
		{EB86E7C9-B6A2-428A-9917-41E9AF4F1A06}.AppStore|iPhone.ActiveCfg = Release|Any CPU
		{EB86E7C9-B6A2-428A-9917-41E9AF4F1A06}.AppStore|iPhone.Build.0 = Release|Any CPU
		{EB86E7C9-B6A2-428A-9917-41E9AF4F1A06}.AppStore|iPhoneSimulator.ActiveCfg = Release|Any CPU
		{EB86E7C9-B6A2-428A-9917-41E9AF4F1A06}.AppStore|iPhoneSimulator.Build.0 = Release|Any CPU
		{EB86E7C9-B6A2-428A-9917-41E9AF4F1A06}.AppStore|x64.ActiveCfg = Release|Any CPU
		{EB86E7C9-B6A2-428A-9917-41E9AF4F1A06}.AppStore|x64.Build.0 = Release|Any CPU
		{EB86E7C9-B6A2-428A-9917-41E9AF4F1A06}.AppStore|x86.ActiveCfg = Release|Any CPU
		{EB86E7C9-B6A2-428A-9917-41E9AF4F1A06}.AppStore|x86.Build.0 = Release|Any CPU
		{EB86E7C9-B6A2-428A-9917-41E9AF4F1A06}.Debug|Any CPU.ActiveCfg = Debug|Any CPU
		{EB86E7C9-B6A2-428A-9917-41E9AF4F1A06}.Debug|Any CPU.Build.0 = Debug|Any CPU
		{EB86E7C9-B6A2-428A-9917-41E9AF4F1A06}.Debug|ARM.ActiveCfg = Debug|Any CPU
		{EB86E7C9-B6A2-428A-9917-41E9AF4F1A06}.Debug|ARM.Build.0 = Debug|Any CPU
		{EB86E7C9-B6A2-428A-9917-41E9AF4F1A06}.Debug|iPhone.ActiveCfg = Debug|Any CPU
		{EB86E7C9-B6A2-428A-9917-41E9AF4F1A06}.Debug|iPhone.Build.0 = Debug|Any CPU
		{EB86E7C9-B6A2-428A-9917-41E9AF4F1A06}.Debug|iPhoneSimulator.ActiveCfg = Debug|Any CPU
		{EB86E7C9-B6A2-428A-9917-41E9AF4F1A06}.Debug|iPhoneSimulator.Build.0 = Debug|Any CPU
		{EB86E7C9-B6A2-428A-9917-41E9AF4F1A06}.Debug|x64.ActiveCfg = Debug|Any CPU
		{EB86E7C9-B6A2-428A-9917-41E9AF4F1A06}.Debug|x64.Build.0 = Debug|Any CPU
		{EB86E7C9-B6A2-428A-9917-41E9AF4F1A06}.Debug|x86.ActiveCfg = Debug|Any CPU
		{EB86E7C9-B6A2-428A-9917-41E9AF4F1A06}.Debug|x86.Build.0 = Debug|Any CPU
		{EB86E7C9-B6A2-428A-9917-41E9AF4F1A06}.Release|Any CPU.ActiveCfg = Release|Any CPU
		{EB86E7C9-B6A2-428A-9917-41E9AF4F1A06}.Release|Any CPU.Build.0 = Release|Any CPU
		{EB86E7C9-B6A2-428A-9917-41E9AF4F1A06}.Release|ARM.ActiveCfg = Release|Any CPU
		{EB86E7C9-B6A2-428A-9917-41E9AF4F1A06}.Release|ARM.Build.0 = Release|Any CPU
		{EB86E7C9-B6A2-428A-9917-41E9AF4F1A06}.Release|iPhone.ActiveCfg = Release|Any CPU
		{EB86E7C9-B6A2-428A-9917-41E9AF4F1A06}.Release|iPhone.Build.0 = Release|Any CPU
		{EB86E7C9-B6A2-428A-9917-41E9AF4F1A06}.Release|iPhoneSimulator.ActiveCfg = Release|Any CPU
		{EB86E7C9-B6A2-428A-9917-41E9AF4F1A06}.Release|iPhoneSimulator.Build.0 = Release|Any CPU
		{EB86E7C9-B6A2-428A-9917-41E9AF4F1A06}.Release|x64.ActiveCfg = Release|Any CPU
		{EB86E7C9-B6A2-428A-9917-41E9AF4F1A06}.Release|x64.Build.0 = Release|Any CPU
		{EB86E7C9-B6A2-428A-9917-41E9AF4F1A06}.Release|x86.ActiveCfg = Release|Any CPU
		{EB86E7C9-B6A2-428A-9917-41E9AF4F1A06}.Release|x86.Build.0 = Release|Any CPU
		{ED74DAD4-8470-4ADE-9B21-6ABEC6959506}.Ad-Hoc|Any CPU.ActiveCfg = Release|Any CPU
		{ED74DAD4-8470-4ADE-9B21-6ABEC6959506}.Ad-Hoc|Any CPU.Build.0 = Release|Any CPU
		{ED74DAD4-8470-4ADE-9B21-6ABEC6959506}.Ad-Hoc|Any CPU.Deploy.0 = Release|Any CPU
		{ED74DAD4-8470-4ADE-9B21-6ABEC6959506}.Ad-Hoc|ARM.ActiveCfg = Release|Any CPU
		{ED74DAD4-8470-4ADE-9B21-6ABEC6959506}.Ad-Hoc|ARM.Build.0 = Release|Any CPU
		{ED74DAD4-8470-4ADE-9B21-6ABEC6959506}.Ad-Hoc|ARM.Deploy.0 = Release|Any CPU
		{ED74DAD4-8470-4ADE-9B21-6ABEC6959506}.Ad-Hoc|iPhone.ActiveCfg = Release|Any CPU
		{ED74DAD4-8470-4ADE-9B21-6ABEC6959506}.Ad-Hoc|iPhone.Build.0 = Release|Any CPU
		{ED74DAD4-8470-4ADE-9B21-6ABEC6959506}.Ad-Hoc|iPhone.Deploy.0 = Release|Any CPU
		{ED74DAD4-8470-4ADE-9B21-6ABEC6959506}.Ad-Hoc|iPhoneSimulator.ActiveCfg = Release|Any CPU
		{ED74DAD4-8470-4ADE-9B21-6ABEC6959506}.Ad-Hoc|iPhoneSimulator.Build.0 = Release|Any CPU
		{ED74DAD4-8470-4ADE-9B21-6ABEC6959506}.Ad-Hoc|iPhoneSimulator.Deploy.0 = Release|Any CPU
		{ED74DAD4-8470-4ADE-9B21-6ABEC6959506}.Ad-Hoc|x64.ActiveCfg = Release|Any CPU
		{ED74DAD4-8470-4ADE-9B21-6ABEC6959506}.Ad-Hoc|x64.Build.0 = Release|Any CPU
		{ED74DAD4-8470-4ADE-9B21-6ABEC6959506}.Ad-Hoc|x64.Deploy.0 = Release|Any CPU
		{ED74DAD4-8470-4ADE-9B21-6ABEC6959506}.Ad-Hoc|x86.ActiveCfg = Release|Any CPU
		{ED74DAD4-8470-4ADE-9B21-6ABEC6959506}.Ad-Hoc|x86.Build.0 = Release|Any CPU
		{ED74DAD4-8470-4ADE-9B21-6ABEC6959506}.Ad-Hoc|x86.Deploy.0 = Release|Any CPU
		{ED74DAD4-8470-4ADE-9B21-6ABEC6959506}.AppStore|Any CPU.ActiveCfg = Release|Any CPU
		{ED74DAD4-8470-4ADE-9B21-6ABEC6959506}.AppStore|Any CPU.Build.0 = Release|Any CPU
		{ED74DAD4-8470-4ADE-9B21-6ABEC6959506}.AppStore|Any CPU.Deploy.0 = Release|Any CPU
		{ED74DAD4-8470-4ADE-9B21-6ABEC6959506}.AppStore|ARM.ActiveCfg = Release|Any CPU
		{ED74DAD4-8470-4ADE-9B21-6ABEC6959506}.AppStore|ARM.Build.0 = Release|Any CPU
		{ED74DAD4-8470-4ADE-9B21-6ABEC6959506}.AppStore|ARM.Deploy.0 = Release|Any CPU
		{ED74DAD4-8470-4ADE-9B21-6ABEC6959506}.AppStore|iPhone.ActiveCfg = Release|Any CPU
		{ED74DAD4-8470-4ADE-9B21-6ABEC6959506}.AppStore|iPhone.Build.0 = Release|Any CPU
		{ED74DAD4-8470-4ADE-9B21-6ABEC6959506}.AppStore|iPhone.Deploy.0 = Release|Any CPU
		{ED74DAD4-8470-4ADE-9B21-6ABEC6959506}.AppStore|iPhoneSimulator.ActiveCfg = Release|Any CPU
		{ED74DAD4-8470-4ADE-9B21-6ABEC6959506}.AppStore|iPhoneSimulator.Build.0 = Release|Any CPU
		{ED74DAD4-8470-4ADE-9B21-6ABEC6959506}.AppStore|iPhoneSimulator.Deploy.0 = Release|Any CPU
		{ED74DAD4-8470-4ADE-9B21-6ABEC6959506}.AppStore|x64.ActiveCfg = Release|Any CPU
		{ED74DAD4-8470-4ADE-9B21-6ABEC6959506}.AppStore|x64.Build.0 = Release|Any CPU
		{ED74DAD4-8470-4ADE-9B21-6ABEC6959506}.AppStore|x64.Deploy.0 = Release|Any CPU
		{ED74DAD4-8470-4ADE-9B21-6ABEC6959506}.AppStore|x86.ActiveCfg = Release|Any CPU
		{ED74DAD4-8470-4ADE-9B21-6ABEC6959506}.AppStore|x86.Build.0 = Release|Any CPU
		{ED74DAD4-8470-4ADE-9B21-6ABEC6959506}.AppStore|x86.Deploy.0 = Release|Any CPU
		{ED74DAD4-8470-4ADE-9B21-6ABEC6959506}.Debug|Any CPU.ActiveCfg = Debug|Any CPU
		{ED74DAD4-8470-4ADE-9B21-6ABEC6959506}.Debug|Any CPU.Build.0 = Debug|Any CPU
		{ED74DAD4-8470-4ADE-9B21-6ABEC6959506}.Debug|Any CPU.Deploy.0 = Debug|Any CPU
		{ED74DAD4-8470-4ADE-9B21-6ABEC6959506}.Debug|ARM.ActiveCfg = Debug|Any CPU
		{ED74DAD4-8470-4ADE-9B21-6ABEC6959506}.Debug|ARM.Build.0 = Debug|Any CPU
		{ED74DAD4-8470-4ADE-9B21-6ABEC6959506}.Debug|ARM.Deploy.0 = Debug|Any CPU
		{ED74DAD4-8470-4ADE-9B21-6ABEC6959506}.Debug|iPhone.ActiveCfg = Debug|Any CPU
		{ED74DAD4-8470-4ADE-9B21-6ABEC6959506}.Debug|iPhone.Build.0 = Debug|Any CPU
		{ED74DAD4-8470-4ADE-9B21-6ABEC6959506}.Debug|iPhone.Deploy.0 = Debug|Any CPU
		{ED74DAD4-8470-4ADE-9B21-6ABEC6959506}.Debug|iPhoneSimulator.ActiveCfg = Debug|Any CPU
		{ED74DAD4-8470-4ADE-9B21-6ABEC6959506}.Debug|iPhoneSimulator.Build.0 = Debug|Any CPU
		{ED74DAD4-8470-4ADE-9B21-6ABEC6959506}.Debug|iPhoneSimulator.Deploy.0 = Debug|Any CPU
		{ED74DAD4-8470-4ADE-9B21-6ABEC6959506}.Debug|x64.ActiveCfg = Debug|Any CPU
		{ED74DAD4-8470-4ADE-9B21-6ABEC6959506}.Debug|x64.Build.0 = Debug|Any CPU
		{ED74DAD4-8470-4ADE-9B21-6ABEC6959506}.Debug|x64.Deploy.0 = Debug|Any CPU
		{ED74DAD4-8470-4ADE-9B21-6ABEC6959506}.Debug|x86.ActiveCfg = Debug|Any CPU
		{ED74DAD4-8470-4ADE-9B21-6ABEC6959506}.Debug|x86.Build.0 = Debug|Any CPU
		{ED74DAD4-8470-4ADE-9B21-6ABEC6959506}.Debug|x86.Deploy.0 = Debug|Any CPU
		{ED74DAD4-8470-4ADE-9B21-6ABEC6959506}.Release|Any CPU.ActiveCfg = Release|Any CPU
		{ED74DAD4-8470-4ADE-9B21-6ABEC6959506}.Release|Any CPU.Build.0 = Release|Any CPU
		{ED74DAD4-8470-4ADE-9B21-6ABEC6959506}.Release|Any CPU.Deploy.0 = Release|Any CPU
		{ED74DAD4-8470-4ADE-9B21-6ABEC6959506}.Release|ARM.ActiveCfg = Release|Any CPU
		{ED74DAD4-8470-4ADE-9B21-6ABEC6959506}.Release|ARM.Build.0 = Release|Any CPU
		{ED74DAD4-8470-4ADE-9B21-6ABEC6959506}.Release|ARM.Deploy.0 = Release|Any CPU
		{ED74DAD4-8470-4ADE-9B21-6ABEC6959506}.Release|iPhone.ActiveCfg = Release|Any CPU
		{ED74DAD4-8470-4ADE-9B21-6ABEC6959506}.Release|iPhone.Build.0 = Release|Any CPU
		{ED74DAD4-8470-4ADE-9B21-6ABEC6959506}.Release|iPhone.Deploy.0 = Release|Any CPU
		{ED74DAD4-8470-4ADE-9B21-6ABEC6959506}.Release|iPhoneSimulator.ActiveCfg = Release|Any CPU
		{ED74DAD4-8470-4ADE-9B21-6ABEC6959506}.Release|iPhoneSimulator.Build.0 = Release|Any CPU
		{ED74DAD4-8470-4ADE-9B21-6ABEC6959506}.Release|iPhoneSimulator.Deploy.0 = Release|Any CPU
		{ED74DAD4-8470-4ADE-9B21-6ABEC6959506}.Release|x64.ActiveCfg = Release|Any CPU
		{ED74DAD4-8470-4ADE-9B21-6ABEC6959506}.Release|x64.Build.0 = Release|Any CPU
		{ED74DAD4-8470-4ADE-9B21-6ABEC6959506}.Release|x64.Deploy.0 = Release|Any CPU
		{ED74DAD4-8470-4ADE-9B21-6ABEC6959506}.Release|x86.ActiveCfg = Release|Any CPU
		{ED74DAD4-8470-4ADE-9B21-6ABEC6959506}.Release|x86.Build.0 = Release|Any CPU
		{ED74DAD4-8470-4ADE-9B21-6ABEC6959506}.Release|x86.Deploy.0 = Release|Any CPU
		{0B9EB87C-9B50-44F3-9D7F-9FB7889A1218}.Ad-Hoc|Any CPU.ActiveCfg = Ad-Hoc|iPhone
		{0B9EB87C-9B50-44F3-9D7F-9FB7889A1218}.Ad-Hoc|ARM.ActiveCfg = Ad-Hoc|iPhone
		{0B9EB87C-9B50-44F3-9D7F-9FB7889A1218}.Ad-Hoc|iPhone.ActiveCfg = Ad-Hoc|iPhone
		{0B9EB87C-9B50-44F3-9D7F-9FB7889A1218}.Ad-Hoc|iPhone.Build.0 = Ad-Hoc|iPhone
		{0B9EB87C-9B50-44F3-9D7F-9FB7889A1218}.Ad-Hoc|iPhoneSimulator.ActiveCfg = Ad-Hoc|iPhoneSimulator
		{0B9EB87C-9B50-44F3-9D7F-9FB7889A1218}.Ad-Hoc|iPhoneSimulator.Build.0 = Ad-Hoc|iPhoneSimulator
		{0B9EB87C-9B50-44F3-9D7F-9FB7889A1218}.Ad-Hoc|x64.ActiveCfg = Ad-Hoc|iPhone
		{0B9EB87C-9B50-44F3-9D7F-9FB7889A1218}.Ad-Hoc|x86.ActiveCfg = Ad-Hoc|iPhone
		{0B9EB87C-9B50-44F3-9D7F-9FB7889A1218}.AppStore|Any CPU.ActiveCfg = AppStore|iPhone
		{0B9EB87C-9B50-44F3-9D7F-9FB7889A1218}.AppStore|ARM.ActiveCfg = AppStore|iPhone
		{0B9EB87C-9B50-44F3-9D7F-9FB7889A1218}.AppStore|iPhone.ActiveCfg = AppStore|iPhone
		{0B9EB87C-9B50-44F3-9D7F-9FB7889A1218}.AppStore|iPhone.Build.0 = AppStore|iPhone
		{0B9EB87C-9B50-44F3-9D7F-9FB7889A1218}.AppStore|iPhoneSimulator.ActiveCfg = AppStore|iPhoneSimulator
		{0B9EB87C-9B50-44F3-9D7F-9FB7889A1218}.AppStore|iPhoneSimulator.Build.0 = AppStore|iPhoneSimulator
		{0B9EB87C-9B50-44F3-9D7F-9FB7889A1218}.AppStore|x64.ActiveCfg = AppStore|iPhone
		{0B9EB87C-9B50-44F3-9D7F-9FB7889A1218}.AppStore|x86.ActiveCfg = AppStore|iPhone
		{0B9EB87C-9B50-44F3-9D7F-9FB7889A1218}.Debug|Any CPU.ActiveCfg = Debug|iPhone
		{0B9EB87C-9B50-44F3-9D7F-9FB7889A1218}.Debug|ARM.ActiveCfg = Debug|iPhone
		{0B9EB87C-9B50-44F3-9D7F-9FB7889A1218}.Debug|iPhone.ActiveCfg = Debug|iPhone
		{0B9EB87C-9B50-44F3-9D7F-9FB7889A1218}.Debug|iPhone.Build.0 = Debug|iPhone
		{0B9EB87C-9B50-44F3-9D7F-9FB7889A1218}.Debug|iPhoneSimulator.ActiveCfg = Debug|iPhoneSimulator
		{0B9EB87C-9B50-44F3-9D7F-9FB7889A1218}.Debug|iPhoneSimulator.Build.0 = Debug|iPhoneSimulator
		{0B9EB87C-9B50-44F3-9D7F-9FB7889A1218}.Debug|x64.ActiveCfg = Debug|iPhone
		{0B9EB87C-9B50-44F3-9D7F-9FB7889A1218}.Debug|x86.ActiveCfg = Debug|iPhone
		{0B9EB87C-9B50-44F3-9D7F-9FB7889A1218}.Release|Any CPU.ActiveCfg = Release|iPhone
		{0B9EB87C-9B50-44F3-9D7F-9FB7889A1218}.Release|ARM.ActiveCfg = Release|iPhone
		{0B9EB87C-9B50-44F3-9D7F-9FB7889A1218}.Release|iPhone.ActiveCfg = Release|iPhone
		{0B9EB87C-9B50-44F3-9D7F-9FB7889A1218}.Release|iPhone.Build.0 = Release|iPhone
		{0B9EB87C-9B50-44F3-9D7F-9FB7889A1218}.Release|iPhoneSimulator.ActiveCfg = Release|iPhoneSimulator
		{0B9EB87C-9B50-44F3-9D7F-9FB7889A1218}.Release|iPhoneSimulator.Build.0 = Release|iPhoneSimulator
		{0B9EB87C-9B50-44F3-9D7F-9FB7889A1218}.Release|x64.ActiveCfg = Release|iPhone
		{0B9EB87C-9B50-44F3-9D7F-9FB7889A1218}.Release|x86.ActiveCfg = Release|iPhone
		{5713F172-0092-45DC-90EA-5159239FE754}.Ad-Hoc|Any CPU.ActiveCfg = Release|Any CPU
		{5713F172-0092-45DC-90EA-5159239FE754}.Ad-Hoc|Any CPU.Build.0 = Release|Any CPU
		{5713F172-0092-45DC-90EA-5159239FE754}.Ad-Hoc|Any CPU.Deploy.0 = Release|Any CPU
		{5713F172-0092-45DC-90EA-5159239FE754}.Ad-Hoc|ARM.ActiveCfg = Release|ARM
		{5713F172-0092-45DC-90EA-5159239FE754}.Ad-Hoc|ARM.Build.0 = Release|ARM
		{5713F172-0092-45DC-90EA-5159239FE754}.Ad-Hoc|ARM.Deploy.0 = Release|ARM
		{5713F172-0092-45DC-90EA-5159239FE754}.Ad-Hoc|iPhone.ActiveCfg = Release|Any CPU
		{5713F172-0092-45DC-90EA-5159239FE754}.Ad-Hoc|iPhone.Build.0 = Release|Any CPU
		{5713F172-0092-45DC-90EA-5159239FE754}.Ad-Hoc|iPhone.Deploy.0 = Release|Any CPU
		{5713F172-0092-45DC-90EA-5159239FE754}.Ad-Hoc|iPhoneSimulator.ActiveCfg = Release|Any CPU
		{5713F172-0092-45DC-90EA-5159239FE754}.Ad-Hoc|iPhoneSimulator.Build.0 = Release|Any CPU
		{5713F172-0092-45DC-90EA-5159239FE754}.Ad-Hoc|iPhoneSimulator.Deploy.0 = Release|Any CPU
		{5713F172-0092-45DC-90EA-5159239FE754}.Ad-Hoc|x64.ActiveCfg = Release|Any CPU
		{5713F172-0092-45DC-90EA-5159239FE754}.Ad-Hoc|x64.Build.0 = Release|Any CPU
		{5713F172-0092-45DC-90EA-5159239FE754}.Ad-Hoc|x64.Deploy.0 = Release|Any CPU
		{5713F172-0092-45DC-90EA-5159239FE754}.Ad-Hoc|x86.ActiveCfg = Release|x86
		{5713F172-0092-45DC-90EA-5159239FE754}.Ad-Hoc|x86.Build.0 = Release|x86
		{5713F172-0092-45DC-90EA-5159239FE754}.Ad-Hoc|x86.Deploy.0 = Release|x86
		{5713F172-0092-45DC-90EA-5159239FE754}.AppStore|Any CPU.ActiveCfg = Release|Any CPU
		{5713F172-0092-45DC-90EA-5159239FE754}.AppStore|Any CPU.Build.0 = Release|Any CPU
		{5713F172-0092-45DC-90EA-5159239FE754}.AppStore|Any CPU.Deploy.0 = Release|Any CPU
		{5713F172-0092-45DC-90EA-5159239FE754}.AppStore|ARM.ActiveCfg = Release|ARM
		{5713F172-0092-45DC-90EA-5159239FE754}.AppStore|ARM.Build.0 = Release|ARM
		{5713F172-0092-45DC-90EA-5159239FE754}.AppStore|ARM.Deploy.0 = Release|ARM
		{5713F172-0092-45DC-90EA-5159239FE754}.AppStore|iPhone.ActiveCfg = Release|Any CPU
		{5713F172-0092-45DC-90EA-5159239FE754}.AppStore|iPhone.Build.0 = Release|Any CPU
		{5713F172-0092-45DC-90EA-5159239FE754}.AppStore|iPhone.Deploy.0 = Release|Any CPU
		{5713F172-0092-45DC-90EA-5159239FE754}.AppStore|iPhoneSimulator.ActiveCfg = Release|Any CPU
		{5713F172-0092-45DC-90EA-5159239FE754}.AppStore|iPhoneSimulator.Build.0 = Release|Any CPU
		{5713F172-0092-45DC-90EA-5159239FE754}.AppStore|iPhoneSimulator.Deploy.0 = Release|Any CPU
		{5713F172-0092-45DC-90EA-5159239FE754}.AppStore|x64.ActiveCfg = Release|Any CPU
		{5713F172-0092-45DC-90EA-5159239FE754}.AppStore|x64.Build.0 = Release|Any CPU
		{5713F172-0092-45DC-90EA-5159239FE754}.AppStore|x64.Deploy.0 = Release|Any CPU
		{5713F172-0092-45DC-90EA-5159239FE754}.AppStore|x86.ActiveCfg = Release|x86
		{5713F172-0092-45DC-90EA-5159239FE754}.AppStore|x86.Build.0 = Release|x86
		{5713F172-0092-45DC-90EA-5159239FE754}.AppStore|x86.Deploy.0 = Release|x86
		{5713F172-0092-45DC-90EA-5159239FE754}.Debug|Any CPU.ActiveCfg = Debug|Any CPU
		{5713F172-0092-45DC-90EA-5159239FE754}.Debug|Any CPU.Build.0 = Debug|Any CPU
		{5713F172-0092-45DC-90EA-5159239FE754}.Debug|Any CPU.Deploy.0 = Debug|Any CPU
		{5713F172-0092-45DC-90EA-5159239FE754}.Debug|ARM.ActiveCfg = Debug|ARM
		{5713F172-0092-45DC-90EA-5159239FE754}.Debug|ARM.Build.0 = Debug|ARM
		{5713F172-0092-45DC-90EA-5159239FE754}.Debug|ARM.Deploy.0 = Debug|ARM
		{5713F172-0092-45DC-90EA-5159239FE754}.Debug|iPhone.ActiveCfg = Debug|Any CPU
		{5713F172-0092-45DC-90EA-5159239FE754}.Debug|iPhone.Build.0 = Debug|Any CPU
		{5713F172-0092-45DC-90EA-5159239FE754}.Debug|iPhone.Deploy.0 = Debug|Any CPU
		{5713F172-0092-45DC-90EA-5159239FE754}.Debug|iPhoneSimulator.ActiveCfg = Debug|Any CPU
		{5713F172-0092-45DC-90EA-5159239FE754}.Debug|iPhoneSimulator.Build.0 = Debug|Any CPU
		{5713F172-0092-45DC-90EA-5159239FE754}.Debug|iPhoneSimulator.Deploy.0 = Debug|Any CPU
		{5713F172-0092-45DC-90EA-5159239FE754}.Debug|x64.ActiveCfg = Debug|Any CPU
		{5713F172-0092-45DC-90EA-5159239FE754}.Debug|x64.Build.0 = Debug|Any CPU
		{5713F172-0092-45DC-90EA-5159239FE754}.Debug|x64.Deploy.0 = Debug|Any CPU
		{5713F172-0092-45DC-90EA-5159239FE754}.Debug|x86.ActiveCfg = Debug|x86
		{5713F172-0092-45DC-90EA-5159239FE754}.Debug|x86.Build.0 = Debug|x86
		{5713F172-0092-45DC-90EA-5159239FE754}.Debug|x86.Deploy.0 = Debug|x86
		{5713F172-0092-45DC-90EA-5159239FE754}.Release|Any CPU.ActiveCfg = Release|Any CPU
		{5713F172-0092-45DC-90EA-5159239FE754}.Release|Any CPU.Build.0 = Release|Any CPU
		{5713F172-0092-45DC-90EA-5159239FE754}.Release|Any CPU.Deploy.0 = Release|Any CPU
		{5713F172-0092-45DC-90EA-5159239FE754}.Release|ARM.ActiveCfg = Release|ARM
		{5713F172-0092-45DC-90EA-5159239FE754}.Release|ARM.Build.0 = Release|ARM
		{5713F172-0092-45DC-90EA-5159239FE754}.Release|ARM.Deploy.0 = Release|ARM
		{5713F172-0092-45DC-90EA-5159239FE754}.Release|iPhone.ActiveCfg = Release|Any CPU
		{5713F172-0092-45DC-90EA-5159239FE754}.Release|iPhone.Build.0 = Release|Any CPU
		{5713F172-0092-45DC-90EA-5159239FE754}.Release|iPhone.Deploy.0 = Release|Any CPU
		{5713F172-0092-45DC-90EA-5159239FE754}.Release|iPhoneSimulator.ActiveCfg = Release|Any CPU
		{5713F172-0092-45DC-90EA-5159239FE754}.Release|iPhoneSimulator.Build.0 = Release|Any CPU
		{5713F172-0092-45DC-90EA-5159239FE754}.Release|iPhoneSimulator.Deploy.0 = Release|Any CPU
		{5713F172-0092-45DC-90EA-5159239FE754}.Release|x64.ActiveCfg = Release|Any CPU
		{5713F172-0092-45DC-90EA-5159239FE754}.Release|x64.Build.0 = Release|Any CPU
		{5713F172-0092-45DC-90EA-5159239FE754}.Release|x64.Deploy.0 = Release|Any CPU
		{5713F172-0092-45DC-90EA-5159239FE754}.Release|x86.ActiveCfg = Release|x86
		{5713F172-0092-45DC-90EA-5159239FE754}.Release|x86.Build.0 = Release|x86
		{5713F172-0092-45DC-90EA-5159239FE754}.Release|x86.Deploy.0 = Release|x86
		{675765AF-AD9F-473E-9EBE-5B262A073E01}.Ad-Hoc|Any CPU.ActiveCfg = Release|Any CPU
		{675765AF-AD9F-473E-9EBE-5B262A073E01}.Ad-Hoc|Any CPU.Build.0 = Release|Any CPU
		{675765AF-AD9F-473E-9EBE-5B262A073E01}.Ad-Hoc|Any CPU.Deploy.0 = Release|Any CPU
		{675765AF-AD9F-473E-9EBE-5B262A073E01}.Ad-Hoc|ARM.ActiveCfg = Release|ARM
		{675765AF-AD9F-473E-9EBE-5B262A073E01}.Ad-Hoc|ARM.Build.0 = Release|ARM
		{675765AF-AD9F-473E-9EBE-5B262A073E01}.Ad-Hoc|ARM.Deploy.0 = Release|ARM
		{675765AF-AD9F-473E-9EBE-5B262A073E01}.Ad-Hoc|iPhone.ActiveCfg = Release|Any CPU
		{675765AF-AD9F-473E-9EBE-5B262A073E01}.Ad-Hoc|iPhone.Build.0 = Release|Any CPU
		{675765AF-AD9F-473E-9EBE-5B262A073E01}.Ad-Hoc|iPhone.Deploy.0 = Release|Any CPU
		{675765AF-AD9F-473E-9EBE-5B262A073E01}.Ad-Hoc|iPhoneSimulator.ActiveCfg = Release|Any CPU
		{675765AF-AD9F-473E-9EBE-5B262A073E01}.Ad-Hoc|iPhoneSimulator.Build.0 = Release|Any CPU
		{675765AF-AD9F-473E-9EBE-5B262A073E01}.Ad-Hoc|iPhoneSimulator.Deploy.0 = Release|Any CPU
		{675765AF-AD9F-473E-9EBE-5B262A073E01}.Ad-Hoc|x64.ActiveCfg = Release|x64
		{675765AF-AD9F-473E-9EBE-5B262A073E01}.Ad-Hoc|x64.Build.0 = Release|x64
		{675765AF-AD9F-473E-9EBE-5B262A073E01}.Ad-Hoc|x64.Deploy.0 = Release|x64
		{675765AF-AD9F-473E-9EBE-5B262A073E01}.Ad-Hoc|x86.ActiveCfg = Release|x86
		{675765AF-AD9F-473E-9EBE-5B262A073E01}.Ad-Hoc|x86.Build.0 = Release|x86
		{675765AF-AD9F-473E-9EBE-5B262A073E01}.Ad-Hoc|x86.Deploy.0 = Release|x86
		{675765AF-AD9F-473E-9EBE-5B262A073E01}.AppStore|Any CPU.ActiveCfg = Release|Any CPU
		{675765AF-AD9F-473E-9EBE-5B262A073E01}.AppStore|Any CPU.Build.0 = Release|Any CPU
		{675765AF-AD9F-473E-9EBE-5B262A073E01}.AppStore|Any CPU.Deploy.0 = Release|Any CPU
		{675765AF-AD9F-473E-9EBE-5B262A073E01}.AppStore|ARM.ActiveCfg = Release|ARM
		{675765AF-AD9F-473E-9EBE-5B262A073E01}.AppStore|ARM.Build.0 = Release|ARM
		{675765AF-AD9F-473E-9EBE-5B262A073E01}.AppStore|ARM.Deploy.0 = Release|ARM
		{675765AF-AD9F-473E-9EBE-5B262A073E01}.AppStore|iPhone.ActiveCfg = Release|Any CPU
		{675765AF-AD9F-473E-9EBE-5B262A073E01}.AppStore|iPhone.Build.0 = Release|Any CPU
		{675765AF-AD9F-473E-9EBE-5B262A073E01}.AppStore|iPhone.Deploy.0 = Release|Any CPU
		{675765AF-AD9F-473E-9EBE-5B262A073E01}.AppStore|iPhoneSimulator.ActiveCfg = Release|Any CPU
		{675765AF-AD9F-473E-9EBE-5B262A073E01}.AppStore|iPhoneSimulator.Build.0 = Release|Any CPU
		{675765AF-AD9F-473E-9EBE-5B262A073E01}.AppStore|iPhoneSimulator.Deploy.0 = Release|Any CPU
		{675765AF-AD9F-473E-9EBE-5B262A073E01}.AppStore|x64.ActiveCfg = Release|x64
		{675765AF-AD9F-473E-9EBE-5B262A073E01}.AppStore|x64.Build.0 = Release|x64
		{675765AF-AD9F-473E-9EBE-5B262A073E01}.AppStore|x64.Deploy.0 = Release|x64
		{675765AF-AD9F-473E-9EBE-5B262A073E01}.AppStore|x86.ActiveCfg = Release|x86
		{675765AF-AD9F-473E-9EBE-5B262A073E01}.AppStore|x86.Build.0 = Release|x86
		{675765AF-AD9F-473E-9EBE-5B262A073E01}.AppStore|x86.Deploy.0 = Release|x86
		{675765AF-AD9F-473E-9EBE-5B262A073E01}.Debug|Any CPU.ActiveCfg = Debug|Any CPU
		{675765AF-AD9F-473E-9EBE-5B262A073E01}.Debug|Any CPU.Build.0 = Debug|Any CPU
		{675765AF-AD9F-473E-9EBE-5B262A073E01}.Debug|Any CPU.Deploy.0 = Debug|Any CPU
		{675765AF-AD9F-473E-9EBE-5B262A073E01}.Debug|ARM.ActiveCfg = Debug|ARM
		{675765AF-AD9F-473E-9EBE-5B262A073E01}.Debug|ARM.Build.0 = Debug|ARM
		{675765AF-AD9F-473E-9EBE-5B262A073E01}.Debug|ARM.Deploy.0 = Debug|ARM
		{675765AF-AD9F-473E-9EBE-5B262A073E01}.Debug|iPhone.ActiveCfg = Debug|Any CPU
		{675765AF-AD9F-473E-9EBE-5B262A073E01}.Debug|iPhone.Build.0 = Debug|Any CPU
		{675765AF-AD9F-473E-9EBE-5B262A073E01}.Debug|iPhone.Deploy.0 = Debug|Any CPU
		{675765AF-AD9F-473E-9EBE-5B262A073E01}.Debug|iPhoneSimulator.ActiveCfg = Debug|Any CPU
		{675765AF-AD9F-473E-9EBE-5B262A073E01}.Debug|iPhoneSimulator.Build.0 = Debug|Any CPU
		{675765AF-AD9F-473E-9EBE-5B262A073E01}.Debug|iPhoneSimulator.Deploy.0 = Debug|Any CPU
		{675765AF-AD9F-473E-9EBE-5B262A073E01}.Debug|x64.ActiveCfg = Debug|x64
		{675765AF-AD9F-473E-9EBE-5B262A073E01}.Debug|x64.Build.0 = Debug|x64
		{675765AF-AD9F-473E-9EBE-5B262A073E01}.Debug|x64.Deploy.0 = Debug|x64
		{675765AF-AD9F-473E-9EBE-5B262A073E01}.Debug|x86.ActiveCfg = Debug|x86
		{675765AF-AD9F-473E-9EBE-5B262A073E01}.Debug|x86.Build.0 = Debug|x86
		{675765AF-AD9F-473E-9EBE-5B262A073E01}.Debug|x86.Deploy.0 = Debug|x86
		{675765AF-AD9F-473E-9EBE-5B262A073E01}.Release|Any CPU.ActiveCfg = Release|Any CPU
		{675765AF-AD9F-473E-9EBE-5B262A073E01}.Release|Any CPU.Build.0 = Release|Any CPU
		{675765AF-AD9F-473E-9EBE-5B262A073E01}.Release|Any CPU.Deploy.0 = Release|Any CPU
		{675765AF-AD9F-473E-9EBE-5B262A073E01}.Release|ARM.ActiveCfg = Release|ARM
		{675765AF-AD9F-473E-9EBE-5B262A073E01}.Release|ARM.Build.0 = Release|ARM
		{675765AF-AD9F-473E-9EBE-5B262A073E01}.Release|ARM.Deploy.0 = Release|ARM
		{675765AF-AD9F-473E-9EBE-5B262A073E01}.Release|iPhone.ActiveCfg = Release|Any CPU
		{675765AF-AD9F-473E-9EBE-5B262A073E01}.Release|iPhone.Build.0 = Release|Any CPU
		{675765AF-AD9F-473E-9EBE-5B262A073E01}.Release|iPhone.Deploy.0 = Release|Any CPU
		{675765AF-AD9F-473E-9EBE-5B262A073E01}.Release|iPhoneSimulator.ActiveCfg = Release|Any CPU
		{675765AF-AD9F-473E-9EBE-5B262A073E01}.Release|iPhoneSimulator.Build.0 = Release|Any CPU
		{675765AF-AD9F-473E-9EBE-5B262A073E01}.Release|iPhoneSimulator.Deploy.0 = Release|Any CPU
		{675765AF-AD9F-473E-9EBE-5B262A073E01}.Release|x64.ActiveCfg = Release|x64
		{675765AF-AD9F-473E-9EBE-5B262A073E01}.Release|x64.Build.0 = Release|x64
		{675765AF-AD9F-473E-9EBE-5B262A073E01}.Release|x64.Deploy.0 = Release|x64
		{675765AF-AD9F-473E-9EBE-5B262A073E01}.Release|x86.ActiveCfg = Release|x86
		{675765AF-AD9F-473E-9EBE-5B262A073E01}.Release|x86.Build.0 = Release|x86
		{675765AF-AD9F-473E-9EBE-5B262A073E01}.Release|x86.Deploy.0 = Release|x86
	EndGlobalSection
	GlobalSection(SolutionProperties) = preSolution
		HideSolutionNode = FALSE
	EndGlobalSection
EndGlobal
